github.com/AlexanderGrom/go-event v0.0.0-20180406111247-a2f1486e096e h1:VGZKZCJ6UjcHVQmCcPynvzxXynkqbRPQw/wNO0f/1KI=
github.com/AlexanderGrom/go-event v0.0.0-20180406111247-a2f1486e096e/go.mod h1:EDsvGVsiDX518UqAQ5Ve+zBDNZlKrh3wvYRujZmgIwo=
github.com/davecgh/go-spew v1.1.1 h1:vj9j/u1bqnvCEfJOwUhtlOARqs3+rkHYY13jYWTU97c=
github.com/davecgh/go-spew v1.1.1/go.mod h1:J7Y8YcW2NihsgmVo/mv3lAwl/skON4iLHjSsI+c5H38=
